
Microsoft Visual Studio Solution File, Format Version 12.00
# Visual Studio 2017
Project("{FAE04EC0-301F-11D3-BF4B-00C04F79EFBC}") = "LodeRunner", "LodeRunner.csproj", "{BA141E4C-4F70-D3BB-EBDC-F14D8F14D557}"
EndProject
Project("{FAE04EC0-301F-11D3-BF4B-00C04F79EFBC}") = "LodeRunner.Editor", "LodeRunner.Editor.csproj", "{54EC9156-1C06-ED22-00F1-13D47DEA4679}"
EndProject
Global
	GlobalSection(SolutionConfigurationPlatforms) = preSolution
		Debug|Any CPU = Debug|Any CPU
		Release|Any CPU = Release|Any CPU
	EndGlobalSection
	GlobalSection(ProjectConfigurationPlatforms) = postSolution
		{BA141E4C-4F70-D3BB-EBDC-F14D8F14D557}.Debug|Any CPU.ActiveCfg = Debug|Any CPU
		{BA141E4C-4F70-D3BB-EBDC-F14D8F14D557}.Debug|Any CPU.Build.0 = Debug|Any CPU
		{BA141E4C-4F70-D3BB-EBDC-F14D8F14D557}.Release|Any CPU.ActiveCfg = Release|Any CPU
		{BA141E4C-4F70-D3BB-EBDC-F14D8F14D557}.Release|Any CPU.Build.0 = Release|Any CPU
		{54EC9156-1C06-ED22-00F1-13D47DEA4679}.Debug|Any CPU.ActiveCfg = Debug|Any CPU
		{54EC9156-1C06-ED22-00F1-13D47DEA4679}.Debug|Any CPU.Build.0 = Debug|Any CPU
		{54EC9156-1C06-ED22-00F1-13D47DEA4679}.Release|Any CPU.ActiveCfg = Release|Any CPU
		{54EC9156-1C06-ED22-00F1-13D47DEA4679}.Release|Any CPU.Build.0 = Release|Any CPU
	EndGlobalSection
	GlobalSection(SolutionProperties) = preSolution
		HideSolutionNode = FALSE
	EndGlobalSection
EndGlobal
