
Microsoft Visual Studio Solution File, Format Version 11.00
# Visual Studio 2010
Project("{FAE04EC0-301F-11D3-BF4B-00C04F79EFBC}") = "Assembly-CSharp", "Assembly-CSharp.csproj", "{5e27c3bf-ae0c-4c49-940f-8be42691844e}"
EndProject
Project("{FAE04EC0-301F-11D3-BF4B-00C04F79EFBC}") = "Assembly-CSharp-Editor", "Assembly-CSharp-Editor.csproj", "{254e39c6-0fe2-65c1-5e22-0b769f6411f8}"
EndProject
Global
	GlobalSection(SolutionConfigurationPlatforms) = preSolution
		Debug|Any CPU = Debug|Any CPU
	EndGlobalSection
	GlobalSection(ProjectConfigurationPlatforms) = postSolution
		{5e27c3bf-ae0c-4c49-940f-8be42691844e}.Debug|Any CPU.ActiveCfg = Debug|Any CPU
		{5e27c3bf-ae0c-4c49-940f-8be42691844e}.Debug|Any CPU.Build.0 = Debug|Any CPU
		{254e39c6-0fe2-65c1-5e22-0b769f6411f8}.Debug|Any CPU.ActiveCfg = Debug|Any CPU
		{254e39c6-0fe2-65c1-5e22-0b769f6411f8}.Debug|Any CPU.Build.0 = Debug|Any CPU
	EndGlobalSection
	GlobalSection(SolutionProperties) = preSolution
		HideSolutionNode = FALSE
	EndGlobalSection
EndGlobal
